dependencies:
  espressif/esp_websocket_client:
    component_hash: ae561d39222a399ddda5e470913c3d54a3c0f53dce15b8d21a3aaa4226dd74b1
    dependencies:
    - name: idf
      require: private
      version: '>=5.0'
    source:
      registry_url: https://components.espressif.com/
      type: service
    version: 1.2.3
  idf:
    source:
      type: idf
    version: 5.5.2
direct_dependencies:
- espressif/esp_websocket_client
manifest_hash: d4c72d5b0615b87b7569e9a6e07aea5c42c3ccf36e46d4a64272f624bdc4eeae
target: esp32c5
version: 2.0.0
