dependencies:
  espressif/esp_websocket_client:
    component_hash: c5a067a9fddea370c478017e66fac302f4b79c3d4027e9bdd42a019786cceb92
    dependencies:
    - name: idf
      require: private
      version: '>=5.0'
    source:
      registry_url: https://components.espressif.com/
      type: service
    version: 1.6.1
  idf:
    source:
      type: idf
    version: 5.5.3
direct_dependencies:
- espressif/esp_websocket_client
manifest_hash: 46c4f78b2c2dbe35bfeca8044af3c96c3e0ad873c2a19861a307d54b2248d13d
target: esp32c5
version: 2.0.0
